{
  "version": 4,
  "terraform_version": "1.7.5",
  "serial": 7,
  "lineage": "a20acabb-92f0-abb3-1f8d-393467933fe7",
  "outputs": {},
  "resources": [
    {
      "mode": "managed",
      "type": "google_compute_instance",
      "name": "rocksdb_vm",
      "provider": "provider[\"registry.terraform.io/hashicorp/google\"]",
      "instances": [
        {
          "schema_version": 6,
          "attributes": {
            "advanced_machine_features": [],
            "allow_stopping_for_update": null,
            "attached_disk": [],
            "boot_disk": [
              {
                "auto_delete": true,
                "device_name": "persistent-disk-0",
                "disk_encryption_key_raw": "",
                "disk_encryption_key_rsa": "",
                "disk_encryption_key_sha256": "",
                "disk_encryption_service_account": "",
                "force_attach": false,
                "guest_os_features": [
                  "VIRTIO_SCSI_MULTIQUEUE",
                  "SEV_CAPABLE",
                  "SEV_SNP_CAPABLE",
                  "SEV_LIVE_MIGRATABLE",
                  "SEV_LIVE_MIGRATABLE_V2",
                  "IDPF",
                  "TDX_CAPABLE",
                  "UEFI_COMPATIBLE",
                  "GVNIC"
                ],
                "initialize_params": [
                  {
                    "architecture": "X86_64",
                    "enable_confidential_compute": false,
                    "image": "https://www.googleapis.com/compute/v1/projects/ubuntu-os-cloud/global/images/ubuntu-2204-jammy-v20260209",
                    "labels": {},
                    "provisioned_iops": 0,
                    "provisioned_throughput": 0,
                    "resource_manager_tags": null,
                    "resource_policies": [],
                    "size": 50,
                    "snapshot": "",
                    "source_image_encryption_key": [],
                    "source_snapshot_encryption_key": [],
                    "storage_pool": "",
                    "type": "pd-ssd"
                  }
                ],
                "interface": "",
                "kms_key_self_link": "",
                "mode": "READ_WRITE",
                "source": "https://www.googleapis.com/compute/v1/projects/elated-cathode-358917/zones/us-central1-a/disks/rocksdb-exp"
              }
            ],
            "can_ip_forward": false,
            "confidential_instance_config": [],
            "cpu_platform": "Intel Cascade Lake",
            "creation_timestamp": "2026-02-09T10:21:04.103-08:00",
            "current_status": "RUNNING",
            "deletion_protection": false,
            "description": "",
            "desired_status": null,
            "effective_labels": {
              "goog-terraform-provisioned": "true"
            },
            "enable_display": false,
            "guest_accelerator": [],
            "hostname": "",
            "id": "projects/elated-cathode-358917/zones/us-central1-a/instances/rocksdb-exp",
            "instance_encryption_key": [],
            "instance_id": "1582921186539969376",
            "key_revocation_action_type": "",
            "label_fingerprint": "vezUS-42LLM=",
            "labels": null,
            "machine_type": "n2-standard-8",
            "metadata": null,
            "metadata_fingerprint": "rVO_Ax3_FH0=",
            "metadata_startup_script": "#!/bin/bash\nset -e\nset -x   # log commands for debugging\n\n# Update system\napt-get update\n\n# Install dependencies\napt-get install -y \\\n  build-essential \\\n  cmake \\\n  git \\\n  libsnappy-dev \\\n  zlib1g-dev \\\n  libbz2-dev \\\n  liblz4-dev \\\n  libzstd-dev \\\n  libgflags-dev\n\n# Prepare workspace\nmkdir -p /opt\ncd /opt\n\n# Clone RocksDB if not present\nif [ ! -d \"rocksdb\" ]; then\n  git clone https://github.com/facebook/rocksdb.git\nfi\n\ncd rocksdb\n\n# Build release static library only\nmake static_lib -j$(nproc)\n\n# Build db_bench WITHOUT triggering shared/debug builds\nmake -j$(nproc) tools/db_bench\n\n# Prepare data directory\nmkdir -p /mnt/data/dbbench\n\n# Run experiment\n./db_bench \\\n  --benchmarks=fillrandom \\\n  --num=1000000 \\\n  --db=/mnt/data/dbbench \\\n  --compression_type=snappy \\\n  \u003e /opt/results.txt\n\n# Upload results (optional but recommended)\n# gsutil cp /opt/results.txt gs://YOUR_BUCKET/\n\n# Shutdown VM when done\nshutdown -h now\n",
            "min_cpu_platform": "",
            "name": "rocksdb-exp",
            "network_interface": [
              {
                "access_config": [
                  {
                    "nat_ip": "35.188.148.9",
                    "network_tier": "PREMIUM",
                    "public_ptr_domain_name": ""
                  }
                ],
                "alias_ip_range": [],
                "igmp_query": "",
                "internal_ipv6_prefix_length": 0,
                "ipv6_access_config": [],
                "ipv6_access_type": "",
                "ipv6_address": "",
                "name": "nic0",
                "network": "https://www.googleapis.com/compute/v1/projects/elated-cathode-358917/global/networks/default",
                "network_attachment": "",
                "network_ip": "10.128.0.10",
                "nic_type": "",
                "queue_count": 0,
                "stack_type": "IPV4_ONLY",
                "subnetwork": "https://www.googleapis.com/compute/v1/projects/elated-cathode-358917/regions/us-central1/subnetworks/default",
                "subnetwork_project": "elated-cathode-358917"
              }
            ],
            "network_performance_config": [],
            "params": [],
            "project": "elated-cathode-358917",
            "reservation_affinity": [],
            "resource_policies": null,
            "scheduling": [
              {
                "automatic_restart": true,
                "availability_domain": 0,
                "instance_termination_action": "",
                "local_ssd_recovery_timeout": [],
                "max_run_duration": [],
                "min_node_cpus": 0,
                "node_affinities": [],
                "on_host_maintenance": "MIGRATE",
                "on_instance_stop_action": [],
                "preemptible": false,
                "provisioning_model": "STANDARD",
                "termination_time": ""
              }
            ],
            "scratch_disk": [],
            "self_link": "https://www.googleapis.com/compute/v1/projects/elated-cathode-358917/zones/us-central1-a/instances/rocksdb-exp",
            "service_account": [
              {
                "email": "657158287267-compute@developer.gserviceaccount.com",
                "scopes": [
                  "https://www.googleapis.com/auth/cloud-platform"
                ]
              }
            ],
            "shielded_instance_config": [
              {
                "enable_integrity_monitoring": true,
                "enable_secure_boot": false,
                "enable_vtpm": true
              }
            ],
            "tags": null,
            "tags_fingerprint": "42WmSpB8rSM=",
            "terraform_labels": {
              "goog-terraform-provisioned": "true"
            },
            "timeouts": null,
            "zone": "us-central1-a"
          },
          "sensitive_attributes": [],
          "private": "eyJlMmJmYjczMC1lY2FhLTExZTYtOGY4OC0zNDM2M2JjN2M0YzAiOnsiY3JlYXRlIjoxMjAwMDAwMDAwMDAwLCJkZWxldGUiOjEyMDAwMDAwMDAwMDAsInVwZGF0ZSI6MTIwMDAwMDAwMDAwMH0sInNjaGVtYV92ZXJzaW9uIjoiNiJ9"
        }
      ]
    }
  ],
  "check_results": null
}
